// !$*UTF8*$!
{
	archiveVersion = 1;
	classes = {
	};
	objectVersion = 46;
	objects = {

/* Begin PBXBuildFile section */
		95993E1C1F41215100780E59 /* AppDelegate.swift in Sources */ = {isa = PBXBuildFile; fileRef = 95993E1B1F41215100780E59 /* AppDelegate.swift */; };
		95993E211F41215100780E59 /* Main.storyboard in Resources */ = {isa = PBXBuildFile; fileRef = 95993E1F1F41215100780E59 /* Main.storyboard */; };
		95993E231F41215100780E59 /* Assets.xcassets in Resources */ = {isa = PBXBuildFile; fileRef = 95993E221F41215100780E59 /* Assets.xcassets */; };
		95993E261F41215100780E59 /* LaunchScreen.storyboard in Resources */ = {isa = PBXBuildFile; fileRef = 95993E241F41215100780E59 /* LaunchScreen.storyboard */; };
		95993E2F1F41580100780E59 /* Alarm.swift in Sources */ = {isa = PBXBuildFile; fileRef = 95993E2E1F41580100780E59 /* Alarm.swift */; };
		95993E311F415B1700780E59 /* DateHelper.swift in Sources */ = {isa = PBXBuildFile; fileRef = 95993E301F415B1700780E59 /* DateHelper.swift */; };
		95E5F8791F42A52900A2B345 /* AlarmController.swift in Sources */ = {isa = PBXBuildFile; fileRef = 95E5F8781F42A52900A2B345 /* AlarmController.swift */; };
/* End PBXBuildFile section */

/* Begin PBXFileReference section */
		95993E181F41215100780E59 /* Alarm.app */ = {isa = PBXFileReference; explicitFileType = wrapper.application; includeInIndex = 0; path = Alarm.app; sourceTree = BUILT_PRODUCTS_DIR; };
		95993E1B1F41215100780E59 /* AppDelegate.swift */ = {isa = PBXFileReference; lastKnownFileType = sourcecode.swift; path = AppDelegate.swift; sourceTree = "<group>"; };
		95993E201F41215100780E59 /* Base */ = {isa = PBXFileReference; lastKnownFileType = file.storyboard; name = Base; path = Base.lproj/Main.storyboard; sourceTree = "<group>"; };
		95993E221F41215100780E59 /* Assets.xcassets */ = {isa = PBXFileReference; lastKnownFileType = folder.assetcatalog; path = Assets.xcassets; sourceTree = "<group>"; };
		95993E251F41215100780E59 /* Base */ = {isa = PBXFileReference; lastKnownFileType = file.storyboard; name = Base; path = Base.lproj/LaunchScreen.storyboard; sourceTree = "<group>"; };
		95993E271F41215100780E59 /* Info.plist */ = {isa = PBXFileReference; lastKnownFileType = text.plist.xml; path = Info.plist; sourceTree = "<group>"; };
		95993E2E1F41580100780E59 /* Alarm.swift */ = {isa = PBXFileReference; fileEncoding = 4; lastKnownFileType = sourcecode.swift; path = Alarm.swift; sourceTree = "<group>"; };
		95993E301F415B1700780E59 /* DateHelper.swift */ = {isa = PBXFileReference; fileEncoding = 4; lastKnownFileType = sourcecode.swift; path = DateHelper.swift; sourceTree = "<group>"; };
		95E5F8781F42A52900A2B345 /* AlarmController.swift */ = {isa = PBXFileReference; fileEncoding = 4; lastKnownFileType = sourcecode.swift; path = AlarmController.swift; sourceTree = "<group>"; };
/* End PBXFileReference section */

/* Begin PBXFrameworksBuildPhase section */
		95993E151F41215100780E59 /* Frameworks */ = {
			isa = PBXFrameworksBuildPhase;
			buildActionMask = 2147483647;
			files = (
			);
			runOnlyForDeploymentPostprocessing = 0;
		};
/* End PBXFrameworksBuildPhase section */

/* Begin PBXGroup section */
		95993E0F1F41215100780E59 = {
			isa = PBXGroup;
			children = (
				95993E1A1F41215100780E59 /* Alarm */,
				95993E191F41215100780E59 /* Products */,
			);
			sourceTree = "<group>";
		};
		95993E191F41215100780E59 /* Products */ = {
			isa = PBXGroup;
			children = (
				95993E181F41215100780E59 /* Alarm.app */,
			);
			name = Products;
			sourceTree = "<group>";
		};
		95993E1A1F41215100780E59 /* Alarm */ = {
			isa = PBXGroup;
			children = (
				95993E1F1F41215100780E59 /* Main.storyboard */,
				95E5F87A1F42AB2D00A2B345 /* ModelController */,
				95993E321F415DDE00780E59 /* Models */,
				95993E2D1F41216B00780E59 /* Resources */,
			);
			path = Alarm;
			sourceTree = "<group>";
		};
		95993E2D1F41216B00780E59 /* Resources */ = {
			isa = PBXGroup;
			children = (
				95993E1B1F41215100780E59 /* AppDelegate.swift */,
				95993E301F415B1700780E59 /* DateHelper.swift */,
				95993E221F41215100780E59 /* Assets.xcassets */,
				95993E241F41215100780E59 /* LaunchScreen.storyboard */,
				95993E271F41215100780E59 /* Info.plist */,
			);
			name = Resources;
			sourceTree = "<group>";
		};
		95993E321F415DDE00780E59 /* Models */ = {
			isa = PBXGroup;
			children = (
				95993E2E1F41580100780E59 /* Alarm.swift */,
			);
			name = Models;
			sourceTree = "<group>";
		};
		95E5F87A1F42AB2D00A2B345 /* ModelController */ = {
			isa = PBXGroup;
			children = (
				95E5F8781F42A52900A2B345 /* AlarmController.swift */,
			);
			name = ModelController;
			sourceTree = "<group>";
		};
/* End PBXGroup section */

/* Begin PBXNativeTarget section */
		95993E171F41215100780E59 /* Alarm */ = {
			isa = PBXNativeTarget;
			buildConfigurationList = 95993E2A1F41215100780E59 /* Build configuration list for PBXNativeTarget "Alarm" */;
			buildPhases = (
				95993E141F41215100780E59 /* Sources */,
				95993E151F41215100780E59 /* Frameworks */,
				95993E161F41215100780E59 /* Resources */,
			);
			buildRules = (
			);
			dependencies = (
			);
			name = Alarm;
			productName = Alarm;
			productReference = 95993E181F41215100780E59 /* Alarm.app */;
			productType = "com.apple.product-type.application";
		};
/* End PBXNativeTarget section */

/* Begin PBXProject section */
		95993E101F41215100780E59 /* Project object */ = {
			isa = PBXProject;
			attributes = {
				LastSwiftUpdateCheck = 0830;
				LastUpgradeCheck = 0830;
				ORGANIZATIONNAME = LuisPuentes;
				TargetAttributes = {
					95993E171F41215100780E59 = {
						CreatedOnToolsVersion = 8.3.3;
						DevelopmentTeam = H9L7P6ZCN6;
						ProvisioningStyle = Automatic;
					};
				};
			};
			buildConfigurationList = 95993E131F41215100780E59 /* Build configuration list for PBXProject "Alarm" */;
			compatibilityVersion = "Xcode 3.2";
			developmentRegion = English;
			hasScannedForEncodings = 0;
			knownRegions = (
				en,
				Base,
			);
			mainGroup = 95993E0F1F41215100780E59;
			productRefGroup = 95993E191F41215100780E59 /* Products */;
			projectDirPath = "";
			projectRoot = "";
			targets = (
				95993E171F41215100780E59 /* Alarm */,
			);
		};
/* End PBXProject section */

/* Begin PBXResourcesBuildPhase section */
		95993E161F41215100780E59 /* Resources */ = {
			isa = PBXResourcesBuildPhase;
			buildActionMask = 2147483647;
			files = (
				95993E261F41215100780E59 /* LaunchScreen.storyboard in Resources */,
				95993E231F41215100780E59 /* Assets.xcassets in Resources */,
				95993E211F41215100780E59 /* Main.storyboard in Resources */,
			);
			runOnlyForDeploymentPostprocessing = 0;
		};
/* End PBXResourcesBuildPhase section */

/* Begin PBXSourcesBuildPhase section */
		95993E141F41215100780E59 /* Sources */ = {
			isa = PBXSourcesBuildPhase;
			buildActionMask = 2147483647;
			files = (
				95993E311F415B1700780E59 /* DateHelper.swift in Sources */,
				95E5F8791F42A52900A2B345 /* AlarmController.swift in Sources */,
				95993E1C1F41215100780E59 /* AppDelegate.swift in Sources */,
				95993E2F1F41580100780E59 /* Alarm.swift in Sources */,
			);
			runOnlyForDeploymentPostprocessing = 0;
		};
/* End PBXSourcesBuildPhase section */

/* Begin PBXVariantGroup section */
		95993E1F1F41215100780E59 /* Main.storyboard */ = {
			isa = PBXVariantGroup;
			children = (
				95993E201F41215100780E59 /* Base */,
			);
			name = Main.storyboard;
			sourceTree = "<group>";
		};
		95993E241F41215100780E59 /* LaunchScreen.storyboard */ = {
			isa = PBXVariantGroup;
			children = (
				95993E251F41215100780E59 /* Base */,
			);
			name = LaunchScreen.storyboard;
			sourceTree = "<group>";
		};
/* End PBXVariantGroup section */

/* Begin XCBuildConfiguration section */
		95993E281F41215100780E59 /* Debug */ = {
			isa = XCBuildConfiguration;
			buildSettings = {
				ALWAYS_SEARCH_USER_PATHS = NO;
				CLANG_ANALYZER_NONNULL = YES;
				CLANG_ANALYZER_NUMBER_OBJECT_CONVERSION = YES_AGGRESSIVE;
				CLANG_CXX_LANGUAGE_STANDARD = "gnu++0x";
				CLANG_CXX_LIBRARY = "libc++";
				CLANG_ENABLE_MODULES = YES;
				CLANG_ENABLE_OBJC_ARC = YES;
				CLANG_WARN_BOOL_CONVERSION = YES;
				CLANG_WARN_CONSTANT_CONVERSION = YES;
				CLANG_WARN_DIRECT_OBJC_ISA_USAGE = YES_ERROR;
				CLANG_WARN_DOCUMENTATION_COMMENTS = YES;
				CLANG_WARN_EMPTY_BODY = YES;
				CLANG_WARN_ENUM_CONVERSION = YES;
				CLANG_WARN_INFINITE_RECURSION = YES;
				CLANG_WARN_INT_CONVERSION = YES;
				CLANG_WARN_OBJC_ROOT_CLASS = YES_ERROR;
				CLANG_WARN_SUSPICIOUS_MOVE = YES;
				CLANG_WARN_UNREACHABLE_CODE = YES;
				CLANG_WARN__DUPLICATE_METHOD_MATCH = YES;
				"CODE_SIGN_IDENTITY[sdk=iphoneos*]" = "iPhone Developer";
				COPY_PHASE_STRIP = NO;
				DEBUG_INFORMATION_FORMAT = dwarf;
				ENABLE_STRICT_OBJC_MSGSEND = YES;
				ENABLE_TESTABILITY = YES;
				GCC_C_LANGUAGE_STANDARD = gnu99;
				GCC_DYNAMIC_NO_PIC = NO;
				GCC_NO_COMMON_BLOCKS = YES;
				GCC_OPTIMIZATION_LEVEL = 0;
				GCC_PREPROCESSOR_DEFINITIONS = (
					"DEBUG=1",
					"$(inherited)",
				);
				GCC_WARN_64_TO_32_BIT_CONVERSION = YES;
				GCC_WARN_ABOUT_RETURN_TYPE = YES_ERROR;
				GCC_WARN_UNDECLARED_SELECTOR = YES;
				GCC_WARN_UNINITIALIZED_AUTOS = YES_AGGRESSIVE;
				GCC_WARN_UNUSED_FUNCTION = YES;
				GCC_WARN_UNUSED_VARIABLE = YES;
				IPHONEOS_DEPLOYMENT_TARGET = 10.3;
				MTL_ENABLE_DEBUG_INFO = YES;
				ONLY_ACTIVE_ARCH = YES;
				SDKROOT = iphoneos;
				SWIFT_ACTIVE_COMPILATION_CONDITIONS = DEBUG;
				SWIFT_OPTIMIZATION_LEVEL = "-Onone";
				TARGETED_DEVICE_FAMILY = "1,2";
			};
			name = Debug;
		};
		95993E291F41215100780E59 /* Release */ = {
			isa = XCBuildConfiguration;
			buildSettings = {
				ALWAYS_SEARCH_USER_PATHS = NO;
				CLANG_ANALYZER_NONNULL = YES;
				CLANG_ANALYZER_NUMBER_OBJECT_CONVERSION = YES_AGGRESSIVE;
				CLANG_CXX_LANGUAGE_STANDARD = "gnu++0x";
				CLANG_CXX_LIBRARY = "libc++";
				CLANG_ENABLE_MODULES = YES;
				CLANG_ENABLE_OBJC_ARC = YES;
				CLANG_WARN_BOOL_CONVERSION = YES;
				CLANG_WARN_CONSTANT_CONVERSION = YES;
				CLANG_WARN_DIRECT_OBJC_ISA_USAGE = YES_ERROR;
				CLANG_WARN_DOCUMENTATION_COMMENTS = YES;
				CLANG_WARN_EMPTY_BODY = YES;
				CLANG_WARN_ENUM_CONVERSION = YES;
				CLANG_WARN_INFINITE_RECURSION = YES;
				CLANG_WARN_INT_CONVERSION = YES;
				CLANG_WARN_OBJC_ROOT_CLASS = YES_ERROR;
				CLANG_WARN_SUSPICIOUS_MOVE = YES;
				CLANG_WARN_UNREACHABLE_CODE = YES;
				CLANG_WARN__DUPLICATE_METHOD_MATCH = YES;
				"CODE_SIGN_IDENTITY[sdk=iphoneos*]" = "iPhone Developer";
				COPY_PHASE_STRIP = NO;
				DEBUG_INFORMATION_FORMAT = "dwarf-with-dsym";
				ENABLE_NS_ASSERTIONS = NO;
				ENABLE_STRICT_OBJC_MSGSEND = YES;
				GCC_C_LANGUAGE_STANDARD = gnu99;
				GCC_NO_COMMON_BLOCKS = YES;
				GCC_WARN_64_TO_32_BIT_CONVERSION = YES;
				GCC_WARN_ABOUT_RETURN_TYPE = YES_ERROR;
				GCC_WARN_UNDECLARED_SELECTOR = YES;
				GCC_WARN_UNINITIALIZED_AUTOS = YES_AGGRESSIVE;
				GCC_WARN_UNUSED_FUNCTION = YES;
				GCC_WARN_UNUSED_VARIABLE = YES;
				IPHONEOS_DEPLOYMENT_TARGET = 10.3;
				MTL_ENABLE_DEBUG_INFO = NO;
				SDKROOT = iphoneos;
				SWIFT_OPTIMIZATION_LEVEL = "-Owholemodule";
				TARGETED_DEVICE_FAMILY = "1,2";
				VALIDATE_PRODUCT = YES;
			};
			name = Release;
		};
		95993E2B1F41215100780E59 /* Debug */ = {
			isa = XCBuildConfiguration;
			buildSettings = {
				ASSETCATALOG_COMPILER_APPICON_NAME = AppIcon;
				DEVELOPMENT_TEAM = H9L7P6ZCN6;
				INFOPLIST_FILE = Alarm/Info.plist;
				LD_RUNPATH_SEARCH_PATHS = "$(inherited) @executable_path/Frameworks";
				PRODUCT_BUNDLE_IDENTIFIER = com.Alarm;
				PRODUCT_NAME = "$(TARGET_NAME)";
				SWIFT_VERSION = 3.0;
			};
			name = Debug;
		};
		95993E2C1F41215100780E59 /* Release */ = {
			isa = XCBuildConfiguration;
			buildSettings = {
				ASSETCATALOG_COMPILER_APPICON_NAME = AppIcon;
				DEVELOPMENT_TEAM = H9L7P6ZCN6;
				INFOPLIST_FILE = Alarm/Info.plist;
				LD_RUNPATH_SEARCH_PATHS = "$(inherited) @executable_path/Frameworks";
				PRODUCT_BUNDLE_IDENTIFIER = com.Alarm;
				PRODUCT_NAME = "$(TARGET_NAME)";
				SWIFT_VERSION = 3.0;
			};
			name = Release;
		};
/* End XCBuildConfiguration section */

/* Begin XCConfigurationList section */
		95993E131F41215100780E59 /* Build configuration list for PBXProject "Alarm" */ = {
			isa = XCConfigurationList;
			buildConfigurations = (
				95993E281F41215100780E59 /* Debug */,
				95993E291F41215100780E59 /* Release */,
			);
			defaultConfigurationIsVisible = 0;
			defaultConfigurationName = Release;
		};
		95993E2A1F41215100780E59 /* Build configuration list for PBXNativeTarget "Alarm" */ = {
			isa = XCConfigurationList;
			buildConfigurations = (
				95993E2B1F41215100780E59 /* Debug */,
				95993E2C1F41215100780E59 /* Release */,
			);
			defaultConfigurationIsVisible = 0;
			defaultConfigurationName = Release;
		};
/* End XCConfigurationList section */
	};
	rootObject = 95993E101F41215100780E59 /* Project object */;
}
